
Microsoft Visual Studio Solution File, Format Version 12.00
# Visual Studio 2012
Project("{FAE04EC0-301F-11D3-BF4B-00C04F79EFBC}") = "Lua2012", "Lua2012\Lua2012\Lua2012.csproj", "{1418E4E3-443A-4621-8FFF-A4589DCDA867}"
EndProject
Project("{96E2B04D-8817-42C6-938A-82C39BA4D311}") = "Lua2012Content", "Lua2012\Lua2012Content\Lua2012Content.contentproj", "{C929F4A0-0BC7-4FB3-8947-012940E81CFA}"
EndProject
Global
	GlobalSection(SolutionConfigurationPlatforms) = preSolution
		Debug|x86 = Debug|x86
		Release|x86 = Release|x86
	EndGlobalSection
	GlobalSection(ProjectConfigurationPlatforms) = postSolution
		{1418E4E3-443A-4621-8FFF-A4589DCDA867}.Debug|x86.ActiveCfg = Debug|x86
		{1418E4E3-443A-4621-8FFF-A4589DCDA867}.Debug|x86.Build.0 = Debug|x86
		{1418E4E3-443A-4621-8FFF-A4589DCDA867}.Release|x86.ActiveCfg = Release|x86
		{1418E4E3-443A-4621-8FFF-A4589DCDA867}.Release|x86.Build.0 = Release|x86
		{C929F4A0-0BC7-4FB3-8947-012940E81CFA}.Debug|x86.ActiveCfg = Debug|x86
		{C929F4A0-0BC7-4FB3-8947-012940E81CFA}.Release|x86.ActiveCfg = Release|x86
	EndGlobalSection
	GlobalSection(SolutionProperties) = preSolution
		HideSolutionNode = FALSE
	EndGlobalSection
EndGlobal
